
Microsoft Visual Studio Solution File, Format Version 12.00
# Visual Studio Version 17
VisualStudioVersion = 17.14.36915.13 d17.14
MinimumVisualStudioVersion = 10.0.40219.1
Project("{FAE04EC0-301F-11D3-BF4B-00C04F79EFBC}") = "AdvancedC#S03Assigmnet", "AdvancedC#S03Assigmnet\AdvancedC#S03Assigmnet.csproj", "{917EB4B0-25B6-4C4B-8A8E-57C50D3E2F10}"
EndProject
Global
	GlobalSection(SolutionConfigurationPlatforms) = preSolution
		Debug|Any CPU = Debug|Any CPU
		Release|Any CPU = Release|Any CPU
	EndGlobalSection
	GlobalSection(ProjectConfigurationPlatforms) = postSolution
		{917EB4B0-25B6-4C4B-8A8E-57C50D3E2F10}.Debug|Any CPU.ActiveCfg = Debug|Any CPU
		{917EB4B0-25B6-4C4B-8A8E-57C50D3E2F10}.Debug|Any CPU.Build.0 = Debug|Any CPU
		{917EB4B0-25B6-4C4B-8A8E-57C50D3E2F10}.Release|Any CPU.ActiveCfg = Release|Any CPU
		{917EB4B0-25B6-4C4B-8A8E-57C50D3E2F10}.Release|Any CPU.Build.0 = Release|Any CPU
	EndGlobalSection
	GlobalSection(SolutionProperties) = preSolution
		HideSolutionNode = FALSE
	EndGlobalSection
	GlobalSection(ExtensibilityGlobals) = postSolution
		SolutionGuid = {F6B3C9C8-B3A0-44F9-BB9E-1BEFB75D8B89}
	EndGlobalSection
EndGlobal
