
Microsoft Visual Studio Solution File, Format Version 12.00
# Visual Studio Version 17
VisualStudioVersion = 17.14.36915.13 d17.14
MinimumVisualStudioVersion = 10.0.40219.1
Project("{FAE04EC0-301F-11D3-BF4B-00C04F79EFBC}") = "AdvancedC#S01", "AdvancedC#S01\AdvancedC#S01.csproj", "{828A0279-FE9A-4A63-AF8A-0338E11CF57F}"
EndProject
Global
	GlobalSection(SolutionConfigurationPlatforms) = preSolution
		Debug|Any CPU = Debug|Any CPU
		Release|Any CPU = Release|Any CPU
	EndGlobalSection
	GlobalSection(ProjectConfigurationPlatforms) = postSolution
		{828A0279-FE9A-4A63-AF8A-0338E11CF57F}.Debug|Any CPU.ActiveCfg = Debug|Any CPU
		{828A0279-FE9A-4A63-AF8A-0338E11CF57F}.Debug|Any CPU.Build.0 = Debug|Any CPU
		{828A0279-FE9A-4A63-AF8A-0338E11CF57F}.Release|Any CPU.ActiveCfg = Release|Any CPU
		{828A0279-FE9A-4A63-AF8A-0338E11CF57F}.Release|Any CPU.Build.0 = Release|Any CPU
	EndGlobalSection
	GlobalSection(SolutionProperties) = preSolution
		HideSolutionNode = FALSE
	EndGlobalSection
	GlobalSection(ExtensibilityGlobals) = postSolution
		SolutionGuid = {940CA98F-1D44-4ACF-B656-E0A280981787}
	EndGlobalSection
EndGlobal
